// !$*UTF8*$!
{
	archiveVersion = 1;
	classes = {
	};
	objectVersion = 46;
	objects = {

/* Begin PBXBuildFile section */
		701826D219EC633900635CEF /* AppDelegate.swift in Sources */ = {isa = PBXBuildFile; fileRef = 701826D119EC633900635CEF /* AppDelegate.swift */; };
		701826D519EC633900635CEF /* PhotoFilters.xcdatamodeld in Sources */ = {isa = PBXBuildFile; fileRef = 701826D319EC633900635CEF /* PhotoFilters.xcdatamodeld */; };
		701826D719EC633900635CEF /* ViewController.swift in Sources */ = {isa = PBXBuildFile; fileRef = 701826D619EC633900635CEF /* ViewController.swift */; };
		701826DA19EC633900635CEF /* Main.storyboard in Resources */ = {isa = PBXBuildFile; fileRef = 701826D819EC633900635CEF /* Main.storyboard */; };
		701826DC19EC633900635CEF /* Images.xcassets in Resources */ = {isa = PBXBuildFile; fileRef = 701826DB19EC633900635CEF /* Images.xcassets */; };
		701826DF19EC633900635CEF /* LaunchScreen.xib in Resources */ = {isa = PBXBuildFile; fileRef = 701826DD19EC633900635CEF /* LaunchScreen.xib */; };
		701826EB19EC633900635CEF /* PhotoFiltersTests.swift in Sources */ = {isa = PBXBuildFile; fileRef = 701826EA19EC633900635CEF /* PhotoFiltersTests.swift */; };
/* End PBXBuildFile section */

/* Begin PBXContainerItemProxy section */
		701826E519EC633900635CEF /* PBXContainerItemProxy */ = {
			isa = PBXContainerItemProxy;
			containerPortal = 701826C419EC633900635CEF /* Project object */;
			proxyType = 1;
			remoteGlobalIDString = 701826CB19EC633900635CEF;
			remoteInfo = PhotoFilters;
		};
/* End PBXContainerItemProxy section */

/* Begin PBXFileReference section */
		701826CC19EC633900635CEF /* PhotoFilters.app */ = {isa = PBXFileReference; explicitFileType = wrapper.application; includeInIndex = 0; path = PhotoFilters.app; sourceTree = BUILT_PRODUCTS_DIR; };
		701826D019EC633900635CEF /* Info.plist */ = {isa = PBXFileReference; lastKnownFileType = text.plist.xml; path = Info.plist; sourceTree = "<group>"; };
		701826D119EC633900635CEF /* AppDelegate.swift */ = {isa = PBXFileReference; lastKnownFileType = sourcecode.swift; path = AppDelegate.swift; sourceTree = "<group>"; };
		701826D419EC633900635CEF /* PhotoFilters.xcdatamodel */ = {isa = PBXFileReference; lastKnownFileType = wrapper.xcdatamodel; path = PhotoFilters.xcdatamodel; sourceTree = "<group>"; };
		701826D619EC633900635CEF /* ViewController.swift */ = {isa = PBXFileReference; lastKnownFileType = sourcecode.swift; path = ViewController.swift; sourceTree = "<group>"; };
		701826D919EC633900635CEF /* Base */ = {isa = PBXFileReference; lastKnownFileType = file.storyboard; name = Base; path = Base.lproj/Main.storyboard; sourceTree = "<group>"; };
		701826DB19EC633900635CEF /* Images.xcassets */ = {isa = PBXFileReference; lastKnownFileType = folder.assetcatalog; path = Images.xcassets; sourceTree = "<group>"; };
		701826DE19EC633900635CEF /* Base */ = {isa = PBXFileReference; lastKnownFileType = file.xib; name = Base; path = Base.lproj/LaunchScreen.xib; sourceTree = "<group>"; };
		701826E419EC633900635CEF /* PhotoFiltersTests.xctest */ = {isa = PBXFileReference; explicitFileType = wrapper.cfbundle; includeInIndex = 0; path = PhotoFiltersTests.xctest; sourceTree = BUILT_PRODUCTS_DIR; };
		701826E919EC633900635CEF /* Info.plist */ = {isa = PBXFileReference; lastKnownFileType = text.plist.xml; path = Info.plist; sourceTree = "<group>"; };
		701826EA19EC633900635CEF /* PhotoFiltersTests.swift */ = {isa = PBXFileReference; lastKnownFileType = sourcecode.swift; path = PhotoFiltersTests.swift; sourceTree = "<group>"; };
/* End PBXFileReference section */

/* Begin PBXFrameworksBuildPhase section */
		701826C919EC633900635CEF /* Frameworks */ = {
			isa = PBXFrameworksBuildPhase;
			buildActionMask = 2147483647;
			files = (
			);
			runOnlyForDeploymentPostprocessing = 0;
		};
		701826E119EC633900635CEF /* Frameworks */ = {
			isa = PBXFrameworksBuildPhase;
			buildActionMask = 2147483647;
			files = (
			);
			runOnlyForDeploymentPostprocessing = 0;
		};
/* End PBXFrameworksBuildPhase section */

/* Begin PBXGroup section */
		701826C319EC633900635CEF = {
			isa = PBXGroup;
			children = (
				701826CE19EC633900635CEF /* PhotoFilters */,
				701826E719EC633900635CEF /* PhotoFiltersTests */,
				701826CD19EC633900635CEF /* Products */,
			);
			sourceTree = "<group>";
		};
		701826CD19EC633900635CEF /* Products */ = {
			isa = PBXGroup;
			children = (
				701826CC19EC633900635CEF /* PhotoFilters.app */,
				701826E419EC633900635CEF /* PhotoFiltersTests.xctest */,
			);
			name = Products;
			sourceTree = "<group>";
		};
		701826CE19EC633900635CEF /* PhotoFilters */ = {
			isa = PBXGroup;
			children = (
				701826D119EC633900635CEF /* AppDelegate.swift */,
				701826D619EC633900635CEF /* ViewController.swift */,
				701826D819EC633900635CEF /* Main.storyboard */,
				701826DB19EC633900635CEF /* Images.xcassets */,
				701826DD19EC633900635CEF /* LaunchScreen.xib */,
				701826D319EC633900635CEF /* PhotoFilters.xcdatamodeld */,
				701826CF19EC633900635CEF /* Supporting Files */,
			);
			path = PhotoFilters;
			sourceTree = "<group>";
		};
		701826CF19EC633900635CEF /* Supporting Files */ = {
			isa = PBXGroup;
			children = (
				701826D019EC633900635CEF /* Info.plist */,
			);
			name = "Supporting Files";
			sourceTree = "<group>";
		};
		701826E719EC633900635CEF /* PhotoFiltersTests */ = {
			isa = PBXGroup;
			children = (
				701826EA19EC633900635CEF /* PhotoFiltersTests.swift */,
				701826E819EC633900635CEF /* Supporting Files */,
			);
			path = PhotoFiltersTests;
			sourceTree = "<group>";
		};
		701826E819EC633900635CEF /* Supporting Files */ = {
			isa = PBXGroup;
			children = (
				701826E919EC633900635CEF /* Info.plist */,
			);
			name = "Supporting Files";
			sourceTree = "<group>";
		};
/* End PBXGroup section */

/* Begin PBXNativeTarget section */
		701826CB19EC633900635CEF /* PhotoFilters */ = {
			isa = PBXNativeTarget;
			buildConfigurationList = 701826EE19EC633900635CEF /* Build configuration list for PBXNativeTarget "PhotoFilters" */;
			buildPhases = (
				701826C819EC633900635CEF /* Sources */,
				701826C919EC633900635CEF /* Frameworks */,
				701826CA19EC633900635CEF /* Resources */,
			);
			buildRules = (
			);
			dependencies = (
			);
			name = PhotoFilters;
			productName = PhotoFilters;
			productReference = 701826CC19EC633900635CEF /* PhotoFilters.app */;
			productType = "com.apple.product-type.application";
		};
		701826E319EC633900635CEF /* PhotoFiltersTests */ = {
			isa = PBXNativeTarget;
			buildConfigurationList = 701826F119EC633900635CEF /* Build configuration list for PBXNativeTarget "PhotoFiltersTests" */;
			buildPhases = (
				701826E019EC633900635CEF /* Sources */,
				701826E119EC633900635CEF /* Frameworks */,
				701826E219EC633900635CEF /* Resources */,
			);
			buildRules = (
			);
			dependencies = (
				701826E619EC633900635CEF /* PBXTargetDependency */,
			);
			name = PhotoFiltersTests;
			productName = PhotoFiltersTests;
			productReference = 701826E419EC633900635CEF /* PhotoFiltersTests.xctest */;
			productType = "com.apple.product-type.bundle.unit-test";
		};
/* End PBXNativeTarget section */

/* Begin PBXProject section */
		701826C419EC633900635CEF /* Project object */ = {
			isa = PBXProject;
			attributes = {
				LastUpgradeCheck = 0600;
				ORGANIZATIONNAME = Randall;
				TargetAttributes = {
					701826CB19EC633900635CEF = {
						CreatedOnToolsVersion = 6.0.1;
					};
					701826E319EC633900635CEF = {
						CreatedOnToolsVersion = 6.0.1;
						TestTargetID = 701826CB19EC633900635CEF;
					};
				};
			};
			buildConfigurationList = 701826C719EC633900635CEF /* Build configuration list for PBXProject "PhotoFilters" */;
			compatibilityVersion = "Xcode 3.2";
			developmentRegion = English;
			hasScannedForEncodings = 0;
			knownRegions = (
				en,
				Base,
			);
			mainGroup = 701826C319EC633900635CEF;
			productRefGroup = 701826CD19EC633900635CEF /* Products */;
			projectDirPath = "";
			projectRoot = "";
			targets = (
				701826CB19EC633900635CEF /* PhotoFilters */,
				701826E319EC633900635CEF /* PhotoFiltersTests */,
			);
		};
/* End PBXProject section */

/* Begin PBXResourcesBuildPhase section */
		701826CA19EC633900635CEF /* Resources */ = {
			isa = PBXResourcesBuildPhase;
			buildActionMask = 2147483647;
			files = (
				701826DA19EC633900635CEF /* Main.storyboard in Resources */,
				701826DF19EC633900635CEF /* LaunchScreen.xib in Resources */,
				701826DC19EC633900635CEF /* Images.xcassets in Resources */,
			);
			runOnlyForDeploymentPostprocessing = 0;
		};
		701826E219EC633900635CEF /* Resources */ = {
			isa = PBXResourcesBuildPhase;
			buildActionMask = 2147483647;
			files = (
			);
			runOnlyForDeploymentPostprocessing = 0;
		};
/* End PBXResourcesBuildPhase section */

/* Begin PBXSourcesBuildPhase section */
		701826C819EC633900635CEF /* Sources */ = {
			isa = PBXSourcesBuildPhase;
			buildActionMask = 2147483647;
			files = (
				701826D719EC633900635CEF /* ViewController.swift in Sources */,
				701826D519EC633900635CEF /* PhotoFilters.xcdatamodeld in Sources */,
				701826D219EC633900635CEF /* AppDelegate.swift in Sources */,
			);
			runOnlyForDeploymentPostprocessing = 0;
		};
		701826E019EC633900635CEF /* Sources */ = {
			isa = PBXSourcesBuildPhase;
			buildActionMask = 2147483647;
			files = (
				701826EB19EC633900635CEF /* PhotoFiltersTests.swift in Sources */,
			);
			runOnlyForDeploymentPostprocessing = 0;
		};
/* End PBXSourcesBuildPhase section */

/* Begin PBXTargetDependency section */
		701826E619EC633900635CEF /* PBXTargetDependency */ = {
			isa = PBXTargetDependency;
			target = 701826CB19EC633900635CEF /* PhotoFilters */;
			targetProxy = 701826E519EC633900635CEF /* PBXContainerItemProxy */;
		};
/* End PBXTargetDependency section */

/* Begin PBXVariantGroup section */
		701826D819EC633900635CEF /* Main.storyboard */ = {
			isa = PBXVariantGroup;
			children = (
				701826D919EC633900635CEF /* Base */,
			);
			name = Main.storyboard;
			sourceTree = "<group>";
		};
		701826DD19EC633900635CEF /* LaunchScreen.xib */ = {
			isa = PBXVariantGroup;
			children = (
				701826DE19EC633900635CEF /* Base */,
			);
			name = LaunchScreen.xib;
			sourceTree = "<group>";
		};
/* End PBXVariantGroup section */

/* Begin XCBuildConfiguration section */
		701826EC19EC633900635CEF /* Debug */ = {
			isa = XCBuildConfiguration;
			buildSettings = {
				ALWAYS_SEARCH_USER_PATHS = NO;
				CLANG_CXX_LANGUAGE_STANDARD = "gnu++0x";
				CLANG_CXX_LIBRARY = "libc++";
				CLANG_ENABLE_MODULES = YES;
				CLANG_ENABLE_OBJC_ARC = YES;
				CLANG_WARN_BOOL_CONVERSION = YES;
				CLANG_WARN_CONSTANT_CONVERSION = YES;
				CLANG_WARN_DIRECT_OBJC_ISA_USAGE = YES_ERROR;
				CLANG_WARN_EMPTY_BODY = YES;
				CLANG_WARN_ENUM_CONVERSION = YES;
				CLANG_WARN_INT_CONVERSION = YES;
				CLANG_WARN_OBJC_ROOT_CLASS = YES_ERROR;
				CLANG_WARN_UNREACHABLE_CODE = YES;
				CLANG_WARN__DUPLICATE_METHOD_MATCH = YES;
				"CODE_SIGN_IDENTITY[sdk=iphoneos*]" = "iPhone Developer";
				COPY_PHASE_STRIP = NO;
				ENABLE_STRICT_OBJC_MSGSEND = YES;
				GCC_C_LANGUAGE_STANDARD = gnu99;
				GCC_DYNAMIC_NO_PIC = NO;
				GCC_OPTIMIZATION_LEVEL = 0;
				GCC_PREPROCESSOR_DEFINITIONS = (
					"DEBUG=1",
					"$(inherited)",
				);
				GCC_SYMBOLS_PRIVATE_EXTERN = NO;
				GCC_WARN_64_TO_32_BIT_CONVERSION = YES;
				GCC_WARN_ABOUT_RETURN_TYPE = YES_ERROR;
				GCC_WARN_UNDECLARED_SELECTOR = YES;
				GCC_WARN_UNINITIALIZED_AUTOS = YES_AGGRESSIVE;
				GCC_WARN_UNUSED_FUNCTION = YES;
				GCC_WARN_UNUSED_VARIABLE = YES;
				IPHONEOS_DEPLOYMENT_TARGET = 8.0;
				MTL_ENABLE_DEBUG_INFO = YES;
				ONLY_ACTIVE_ARCH = YES;
				SDKROOT = iphoneos;
				SWIFT_OPTIMIZATION_LEVEL = "-Onone";
				TARGETED_DEVICE_FAMILY = "1,2";
			};
			name = Debug;
		};
		701826ED19EC633900635CEF /* Release */ = {
			isa = XCBuildConfiguration;
			buildSettings = {
				ALWAYS_SEARCH_USER_PATHS = NO;
				CLANG_CXX_LANGUAGE_STANDARD = "gnu++0x";
				CLANG_CXX_LIBRARY = "libc++";
				CLANG_ENABLE_MODULES = YES;
				CLANG_ENABLE_OBJC_ARC = YES;
				CLANG_WARN_BOOL_CONVERSION = YES;
				CLANG_WARN_CONSTANT_CONVERSION = YES;
				CLANG_WARN_DIRECT_OBJC_ISA_USAGE = YES_ERROR;
				CLANG_WARN_EMPTY_BODY = YES;
				CLANG_WARN_ENUM_CONVERSION = YES;
				CLANG_WARN_INT_CONVERSION = YES;
				CLANG_WARN_OBJC_ROOT_CLASS = YES_ERROR;
				CLANG_WARN_UNREACHABLE_CODE = YES;
				CLANG_WARN__DUPLICATE_METHOD_MATCH = YES;
				"CODE_SIGN_IDENTITY[sdk=iphoneos*]" = "iPhone Developer";
				COPY_PHASE_STRIP = YES;
				ENABLE_NS_ASSERTIONS = NO;
				ENABLE_STRICT_OBJC_MSGSEND = YES;
				GCC_C_LANGUAGE_STANDARD = gnu99;
				GCC_WARN_64_TO_32_BIT_CONVERSION = YES;
				GCC_WARN_ABOUT_RETURN_TYPE = YES_ERROR;
				GCC_WARN_UNDECLARED_SELECTOR = YES;
				GCC_WARN_UNINITIALIZED_AUTOS = YES_AGGRESSIVE;
				GCC_WARN_UNUSED_FUNCTION = YES;
				GCC_WARN_UNUSED_VARIABLE = YES;
				IPHONEOS_DEPLOYMENT_TARGET = 8.0;
				MTL_ENABLE_DEBUG_INFO = NO;
				SDKROOT = iphoneos;
				TARGETED_DEVICE_FAMILY = "1,2";
				VALIDATE_PRODUCT = YES;
			};
			name = Release;
		};
		701826EF19EC633900635CEF /* Debug */ = {
			isa = XCBuildConfiguration;
			buildSettings = {
				ASSETCATALOG_COMPILER_APPICON_NAME = AppIcon;
				INFOPLIST_FILE = PhotoFilters/Info.plist;
				LD_RUNPATH_SEARCH_PATHS = "$(inherited) @executable_path/Frameworks";
				PRODUCT_NAME = "$(TARGET_NAME)";
			};
			name = Debug;
		};
		701826F019EC633900635CEF /* Release */ = {
			isa = XCBuildConfiguration;
			buildSettings = {
				ASSETCATALOG_COMPILER_APPICON_NAME = AppIcon;
				INFOPLIST_FILE = PhotoFilters/Info.plist;
				LD_RUNPATH_SEARCH_PATHS = "$(inherited) @executable_path/Frameworks";
				PRODUCT_NAME = "$(TARGET_NAME)";
			};
			name = Release;
		};
		701826F219EC633900635CEF /* Debug */ = {
			isa = XCBuildConfiguration;
			buildSettings = {
				BUNDLE_LOADER = "$(TEST_HOST)";
				FRAMEWORK_SEARCH_PATHS = (
					"$(SDKROOT)/Developer/Library/Frameworks",
					"$(inherited)",
				);
				GCC_PREPROCESSOR_DEFINITIONS = (
					"DEBUG=1",
					"$(inherited)",
				);
				INFOPLIST_FILE = PhotoFiltersTests/Info.plist;
				LD_RUNPATH_SEARCH_PATHS = "$(inherited) @executable_path/Frameworks @loader_path/Frameworks";
				PRODUCT_NAME = "$(TARGET_NAME)";
				TEST_HOST = "$(BUILT_PRODUCTS_DIR)/PhotoFilters.app/PhotoFilters";
			};
			name = Debug;
		};
		701826F319EC633900635CEF /* Release */ = {
			isa = XCBuildConfiguration;
			buildSettings = {
				BUNDLE_LOADER = "$(TEST_HOST)";
				FRAMEWORK_SEARCH_PATHS = (
					"$(SDKROOT)/Developer/Library/Frameworks",
					"$(inherited)",
				);
				INFOPLIST_FILE = PhotoFiltersTests/Info.plist;
				LD_RUNPATH_SEARCH_PATHS = "$(inherited) @executable_path/Frameworks @loader_path/Frameworks";
				PRODUCT_NAME = "$(TARGET_NAME)";
				TEST_HOST = "$(BUILT_PRODUCTS_DIR)/PhotoFilters.app/PhotoFilters";
			};
			name = Release;
		};
/* End XCBuildConfiguration section */

/* Begin XCConfigurationList section */
		701826C719EC633900635CEF /* Build configuration list for PBXProject "PhotoFilters" */ = {
			isa = XCConfigurationList;
			buildConfigurations = (
				701826EC19EC633900635CEF /* Debug */,
				701826ED19EC633900635CEF /* Release */,
			);
			defaultConfigurationIsVisible = 0;
			defaultConfigurationName = Release;
		};
		701826EE19EC633900635CEF /* Build configuration list for PBXNativeTarget "PhotoFilters" */ = {
			isa = XCConfigurationList;
			buildConfigurations = (
				701826EF19EC633900635CEF /* Debug */,
				701826F019EC633900635CEF /* Release */,
			);
			defaultConfigurationIsVisible = 0;
		};
		701826F119EC633900635CEF /* Build configuration list for PBXNativeTarget "PhotoFiltersTests" */ = {
			isa = XCConfigurationList;
			buildConfigurations = (
				701826F219EC633900635CEF /* Debug */,
				701826F319EC633900635CEF /* Release */,
			);
			defaultConfigurationIsVisible = 0;
		};
/* End XCConfigurationList section */

/* Begin XCVersionGroup section */
		701826D319EC633900635CEF /* PhotoFilters.xcdatamodeld */ = {
			isa = XCVersionGroup;
			children = (
				701826D419EC633900635CEF /* PhotoFilters.xcdatamodel */,
			);
			currentVersion = 701826D419EC633900635CEF /* PhotoFilters.xcdatamodel */;
			path = PhotoFilters.xcdatamodeld;
			sourceTree = "<group>";
			versionGroupType = wrapper.xcdatamodel;
		};
/* End XCVersionGroup section */
	};
	rootObject = 701826C419EC633900635CEF /* Project object */;
}
